
Microsoft Visual Studio Solution File, Format Version 12.00
# Visual Studio Version 16
VisualStudioVersion = 16.0.31005.135
MinimumVisualStudioVersion = 10.0.40219.1
Project("{9A19103F-16F7-4668-BE54-9A1E7A4F7556}") = "Foundation.Core", "src\Foundation.Core\Foundation.Core.csproj", "{607BA5C2-F140-4728-9E62-35E70B56F5A3}"
EndProject
Project("{9A19103F-16F7-4668-BE54-9A1E7A4F7556}") = "Foundation.Dapper", "src\Foundation.Dapper\Foundation.Dapper.csproj", "{1E9FF465-6FD1-4D69-8CCA-F7E8DD7B4230}"
EndProject
Project("{9A19103F-16F7-4668-BE54-9A1E7A4F7556}") = "Foundation.EventBus", "src\Foundation.EventBus\Foundation.EventBus.csproj", "{AC19165B-509F-408D-BB1C-19441AA0D3FB}"
EndProject
Project("{9A19103F-16F7-4668-BE54-9A1E7A4F7556}") = "Foundation.Server", "src\Foundation.Server\Foundation.Server.csproj", "{F111BEEE-9D32-4468-B4EE-7821B7304A59}"
EndProject
Project("{9A19103F-16F7-4668-BE54-9A1E7A4F7556}") = "Foundation.RabbitMQ", "src\Foundation.RabbitMQ\Foundation.RabbitMQ.csproj", "{C64C062C-B71A-4658-A035-5D19613CACED}"
EndProject
Project("{9A19103F-16F7-4668-BE54-9A1E7A4F7556}") = "Foundation.Test", "src\Foundation.Test\Foundation.Test.csproj", "{1B0204C2-51AA-45B8-8828-D1CE90EA73A4}"
EndProject
Project("{2150E333-8FDC-42A3-9474-1A3956D46DE8}") = "src", "src", "{A70ABB7C-F749-4ED9-AE67-E0CB1E0FD436}"
EndProject
Project("{2150E333-8FDC-42A3-9474-1A3956D46DE8}") = "web", "web", "{1882942A-F33D-47CA-A7A6-D9560EF515B8}"
EndProject
Project("{2150E333-8FDC-42A3-9474-1A3956D46DE8}") = "orleans", "orleans", "{5BC49B0B-7607-418E-A1F9-BA5E3BBAE0AE}"
EndProject
Project("{FAE04EC0-301F-11D3-BF4B-00C04F79EFBC}") = "Silos", "orleans\Silos\Silos.csproj", "{81BDEA2C-E69C-40A9-AD44-B2DEA824CFB1}"
EndProject
Project("{FAE04EC0-301F-11D3-BF4B-00C04F79EFBC}") = "Client", "orleans\Client\Client.csproj", "{B57CFCE2-8C89-42EE-88F8-C44F27F534DD}"
EndProject
Project("{FAE04EC0-301F-11D3-BF4B-00C04F79EFBC}") = "Grains", "orleans\Grains\Grains.csproj", "{87547604-24C2-4CEF-8C4D-2F4B1A2C88FA}"
EndProject
Project("{9A19103F-16F7-4668-BE54-9A1E7A4F7556}") = "Foundation.WebApi", "web\Foundation.WebApi\Foundation.WebApi.csproj", "{46883428-38E7-4CF8-BE8B-0DDF8E5D28FD}"
EndProject
Global
	GlobalSection(SolutionConfigurationPlatforms) = preSolution
		Debug|Any CPU = Debug|Any CPU
		Release|Any CPU = Release|Any CPU
	EndGlobalSection
	GlobalSection(ProjectConfigurationPlatforms) = postSolution
		{607BA5C2-F140-4728-9E62-35E70B56F5A3}.Debug|Any CPU.ActiveCfg = Debug|Any CPU
		{607BA5C2-F140-4728-9E62-35E70B56F5A3}.Debug|Any CPU.Build.0 = Debug|Any CPU
		{607BA5C2-F140-4728-9E62-35E70B56F5A3}.Release|Any CPU.ActiveCfg = Release|Any CPU
		{607BA5C2-F140-4728-9E62-35E70B56F5A3}.Release|Any CPU.Build.0 = Release|Any CPU
		{1E9FF465-6FD1-4D69-8CCA-F7E8DD7B4230}.Debug|Any CPU.ActiveCfg = Debug|Any CPU
		{1E9FF465-6FD1-4D69-8CCA-F7E8DD7B4230}.Debug|Any CPU.Build.0 = Debug|Any CPU
		{1E9FF465-6FD1-4D69-8CCA-F7E8DD7B4230}.Release|Any CPU.ActiveCfg = Release|Any CPU
		{1E9FF465-6FD1-4D69-8CCA-F7E8DD7B4230}.Release|Any CPU.Build.0 = Release|Any CPU
		{AC19165B-509F-408D-BB1C-19441AA0D3FB}.Debug|Any CPU.ActiveCfg = Debug|Any CPU
		{AC19165B-509F-408D-BB1C-19441AA0D3FB}.Debug|Any CPU.Build.0 = Debug|Any CPU
		{AC19165B-509F-408D-BB1C-19441AA0D3FB}.Release|Any CPU.ActiveCfg = Release|Any CPU
		{AC19165B-509F-408D-BB1C-19441AA0D3FB}.Release|Any CPU.Build.0 = Release|Any CPU
		{F111BEEE-9D32-4468-B4EE-7821B7304A59}.Debug|Any CPU.ActiveCfg = Debug|Any CPU
		{F111BEEE-9D32-4468-B4EE-7821B7304A59}.Debug|Any CPU.Build.0 = Debug|Any CPU
		{F111BEEE-9D32-4468-B4EE-7821B7304A59}.Release|Any CPU.ActiveCfg = Release|Any CPU
		{F111BEEE-9D32-4468-B4EE-7821B7304A59}.Release|Any CPU.Build.0 = Release|Any CPU
		{C64C062C-B71A-4658-A035-5D19613CACED}.Debug|Any CPU.ActiveCfg = Debug|Any CPU
		{C64C062C-B71A-4658-A035-5D19613CACED}.Debug|Any CPU.Build.0 = Debug|Any CPU
		{C64C062C-B71A-4658-A035-5D19613CACED}.Release|Any CPU.ActiveCfg = Release|Any CPU
		{C64C062C-B71A-4658-A035-5D19613CACED}.Release|Any CPU.Build.0 = Release|Any CPU
		{1B0204C2-51AA-45B8-8828-D1CE90EA73A4}.Debug|Any CPU.ActiveCfg = Debug|Any CPU
		{1B0204C2-51AA-45B8-8828-D1CE90EA73A4}.Debug|Any CPU.Build.0 = Debug|Any CPU
		{1B0204C2-51AA-45B8-8828-D1CE90EA73A4}.Release|Any CPU.ActiveCfg = Release|Any CPU
		{1B0204C2-51AA-45B8-8828-D1CE90EA73A4}.Release|Any CPU.Build.0 = Release|Any CPU
		{81BDEA2C-E69C-40A9-AD44-B2DEA824CFB1}.Debug|Any CPU.ActiveCfg = Debug|Any CPU
		{81BDEA2C-E69C-40A9-AD44-B2DEA824CFB1}.Debug|Any CPU.Build.0 = Debug|Any CPU
		{81BDEA2C-E69C-40A9-AD44-B2DEA824CFB1}.Release|Any CPU.ActiveCfg = Release|Any CPU
		{81BDEA2C-E69C-40A9-AD44-B2DEA824CFB1}.Release|Any CPU.Build.0 = Release|Any CPU
		{B57CFCE2-8C89-42EE-88F8-C44F27F534DD}.Debug|Any CPU.ActiveCfg = Debug|Any CPU
		{B57CFCE2-8C89-42EE-88F8-C44F27F534DD}.Debug|Any CPU.Build.0 = Debug|Any CPU
		{B57CFCE2-8C89-42EE-88F8-C44F27F534DD}.Release|Any CPU.ActiveCfg = Release|Any CPU
		{B57CFCE2-8C89-42EE-88F8-C44F27F534DD}.Release|Any CPU.Build.0 = Release|Any CPU
		{87547604-24C2-4CEF-8C4D-2F4B1A2C88FA}.Debug|Any CPU.ActiveCfg = Debug|Any CPU
		{87547604-24C2-4CEF-8C4D-2F4B1A2C88FA}.Debug|Any CPU.Build.0 = Debug|Any CPU
		{87547604-24C2-4CEF-8C4D-2F4B1A2C88FA}.Release|Any CPU.ActiveCfg = Release|Any CPU
		{87547604-24C2-4CEF-8C4D-2F4B1A2C88FA}.Release|Any CPU.Build.0 = Release|Any CPU
		{46883428-38E7-4CF8-BE8B-0DDF8E5D28FD}.Debug|Any CPU.ActiveCfg = Debug|Any CPU
		{46883428-38E7-4CF8-BE8B-0DDF8E5D28FD}.Debug|Any CPU.Build.0 = Debug|Any CPU
		{46883428-38E7-4CF8-BE8B-0DDF8E5D28FD}.Release|Any CPU.ActiveCfg = Release|Any CPU
		{46883428-38E7-4CF8-BE8B-0DDF8E5D28FD}.Release|Any CPU.Build.0 = Release|Any CPU
	EndGlobalSection
	GlobalSection(SolutionProperties) = preSolution
		HideSolutionNode = FALSE
	EndGlobalSection
	GlobalSection(NestedProjects) = preSolution
		{607BA5C2-F140-4728-9E62-35E70B56F5A3} = {A70ABB7C-F749-4ED9-AE67-E0CB1E0FD436}
		{1E9FF465-6FD1-4D69-8CCA-F7E8DD7B4230} = {A70ABB7C-F749-4ED9-AE67-E0CB1E0FD436}
		{AC19165B-509F-408D-BB1C-19441AA0D3FB} = {A70ABB7C-F749-4ED9-AE67-E0CB1E0FD436}
		{F111BEEE-9D32-4468-B4EE-7821B7304A59} = {A70ABB7C-F749-4ED9-AE67-E0CB1E0FD436}
		{C64C062C-B71A-4658-A035-5D19613CACED} = {A70ABB7C-F749-4ED9-AE67-E0CB1E0FD436}
		{81BDEA2C-E69C-40A9-AD44-B2DEA824CFB1} = {5BC49B0B-7607-418E-A1F9-BA5E3BBAE0AE}
		{B57CFCE2-8C89-42EE-88F8-C44F27F534DD} = {5BC49B0B-7607-418E-A1F9-BA5E3BBAE0AE}
		{87547604-24C2-4CEF-8C4D-2F4B1A2C88FA} = {5BC49B0B-7607-418E-A1F9-BA5E3BBAE0AE}
		{46883428-38E7-4CF8-BE8B-0DDF8E5D28FD} = {1882942A-F33D-47CA-A7A6-D9560EF515B8}
	EndGlobalSection
	GlobalSection(ExtensibilityGlobals) = postSolution
		SolutionGuid = {56BBF481-A7C5-4E63-B31A-1002A57BBE44}
	EndGlobalSection
EndGlobal
