
Microsoft Visual Studio Solution File, Format Version 12.00
# Visual Studio Version 16
VisualStudioVersion = 16.0.31005.135
MinimumVisualStudioVersion = 10.0.40219.1
Project("{FAE04EC0-301F-11D3-BF4B-00C04F79EFBC}") = "Diomin.Foundation.Server", "Diomin.Foundation.Server\Diomin.Foundation.Server.csproj", "{92C61A5B-68BC-43C2-9290-F56BD3762EA7}"
EndProject
Project("{FAE04EC0-301F-11D3-BF4B-00C04F79EFBC}") = "Diomin.Foundation.Core", "Diomin.Foundation.Core\Diomin.Foundation.Core.csproj", "{15F74AF2-DB68-49E7-B0A6-5B3ED1E07C5D}"
EndProject
Global
	GlobalSection(SolutionConfigurationPlatforms) = preSolution
		Debug|Any CPU = Debug|Any CPU
		Release|Any CPU = Release|Any CPU
	EndGlobalSection
	GlobalSection(ProjectConfigurationPlatforms) = postSolution
		{92C61A5B-68BC-43C2-9290-F56BD3762EA7}.Debug|Any CPU.ActiveCfg = Debug|Any CPU
		{92C61A5B-68BC-43C2-9290-F56BD3762EA7}.Debug|Any CPU.Build.0 = Debug|Any CPU
		{92C61A5B-68BC-43C2-9290-F56BD3762EA7}.Release|Any CPU.ActiveCfg = Release|Any CPU
		{92C61A5B-68BC-43C2-9290-F56BD3762EA7}.Release|Any CPU.Build.0 = Release|Any CPU
		{15F74AF2-DB68-49E7-B0A6-5B3ED1E07C5D}.Debug|Any CPU.ActiveCfg = Debug|Any CPU
		{15F74AF2-DB68-49E7-B0A6-5B3ED1E07C5D}.Debug|Any CPU.Build.0 = Debug|Any CPU
		{15F74AF2-DB68-49E7-B0A6-5B3ED1E07C5D}.Release|Any CPU.ActiveCfg = Release|Any CPU
		{15F74AF2-DB68-49E7-B0A6-5B3ED1E07C5D}.Release|Any CPU.Build.0 = Release|Any CPU
	EndGlobalSection
	GlobalSection(SolutionProperties) = preSolution
		HideSolutionNode = FALSE
	EndGlobalSection
	GlobalSection(ExtensibilityGlobals) = postSolution
		SolutionGuid = {56BBF481-A7C5-4E63-B31A-1002A57BBE44}
	EndGlobalSection
EndGlobal
