
Microsoft Visual Studio Solution File, Format Version 12.00
# Visual Studio Version 16
VisualStudioVersion = 16.0.31005.135
MinimumVisualStudioVersion = 10.0.40219.1
Project("{9A19103F-16F7-4668-BE54-9A1E7A4F7556}") = "Foundation.Core", "Foundation.Core\Foundation.Core.csproj", "{6B494EAD-CE84-474E-B089-2156089C95DE}"
EndProject
Project("{9A19103F-16F7-4668-BE54-9A1E7A4F7556}") = "Foundation.Server", "Foundation.Server\Foundation.Server.csproj", "{68C9720E-2C40-4951-8A21-044054D56013}"
EndProject
Project("{FAE04EC0-301F-11D3-BF4B-00C04F79EFBC}") = "Foundation.EventBus", "Foundation.EventBus\Foundation.EventBus.csproj", "{8913E386-B98C-4C2B-B330-5A95D0DD1703}"
EndProject
Project("{FAE04EC0-301F-11D3-BF4B-00C04F79EFBC}") = "Foundation.Dapper", "Foundation.Dapper\Foundation.Dapper.csproj", "{4F5EDB09-9165-4278-9624-185416AD46EB}"
EndProject
Global
	GlobalSection(SolutionConfigurationPlatforms) = preSolution
		Debug|Any CPU = Debug|Any CPU
		Release|Any CPU = Release|Any CPU
	EndGlobalSection
	GlobalSection(ProjectConfigurationPlatforms) = postSolution
		{6B494EAD-CE84-474E-B089-2156089C95DE}.Debug|Any CPU.ActiveCfg = Debug|Any CPU
		{6B494EAD-CE84-474E-B089-2156089C95DE}.Debug|Any CPU.Build.0 = Debug|Any CPU
		{6B494EAD-CE84-474E-B089-2156089C95DE}.Release|Any CPU.ActiveCfg = Release|Any CPU
		{6B494EAD-CE84-474E-B089-2156089C95DE}.Release|Any CPU.Build.0 = Release|Any CPU
		{68C9720E-2C40-4951-8A21-044054D56013}.Debug|Any CPU.ActiveCfg = Debug|Any CPU
		{68C9720E-2C40-4951-8A21-044054D56013}.Debug|Any CPU.Build.0 = Debug|Any CPU
		{68C9720E-2C40-4951-8A21-044054D56013}.Release|Any CPU.ActiveCfg = Release|Any CPU
		{68C9720E-2C40-4951-8A21-044054D56013}.Release|Any CPU.Build.0 = Release|Any CPU
		{8913E386-B98C-4C2B-B330-5A95D0DD1703}.Debug|Any CPU.ActiveCfg = Debug|Any CPU
		{8913E386-B98C-4C2B-B330-5A95D0DD1703}.Debug|Any CPU.Build.0 = Debug|Any CPU
		{8913E386-B98C-4C2B-B330-5A95D0DD1703}.Release|Any CPU.ActiveCfg = Release|Any CPU
		{8913E386-B98C-4C2B-B330-5A95D0DD1703}.Release|Any CPU.Build.0 = Release|Any CPU
		{4F5EDB09-9165-4278-9624-185416AD46EB}.Debug|Any CPU.ActiveCfg = Debug|Any CPU
		{4F5EDB09-9165-4278-9624-185416AD46EB}.Debug|Any CPU.Build.0 = Debug|Any CPU
		{4F5EDB09-9165-4278-9624-185416AD46EB}.Release|Any CPU.ActiveCfg = Release|Any CPU
		{4F5EDB09-9165-4278-9624-185416AD46EB}.Release|Any CPU.Build.0 = Release|Any CPU
	EndGlobalSection
	GlobalSection(SolutionProperties) = preSolution
		HideSolutionNode = FALSE
	EndGlobalSection
	GlobalSection(ExtensibilityGlobals) = postSolution
		SolutionGuid = {56BBF481-A7C5-4E63-B31A-1002A57BBE44}
	EndGlobalSection
EndGlobal
